
Microsoft Visual Studio Solution File, Format Version 12.00
# Visual Studio Version 17
VisualStudioVersion = 17.0.31919.166
MinimumVisualStudioVersion = 10.0.40219.1
Project("{FAE04EC0-301F-11D3-BF4B-00C04F79EFBC}") = "AOC2021", "AOC2021.csproj", "{EDB0A7D8-55FE-4034-A857-EE7F2DCB4C6F}"
EndProject
Global
	GlobalSection(SolutionConfigurationPlatforms) = preSolution
		Debug|Any CPU = Debug|Any CPU
		Release|Any CPU = Release|Any CPU
	EndGlobalSection
	GlobalSection(ProjectConfigurationPlatforms) = postSolution
		{EDB0A7D8-55FE-4034-A857-EE7F2DCB4C6F}.Debug|Any CPU.ActiveCfg = Debug|Any CPU
		{EDB0A7D8-55FE-4034-A857-EE7F2DCB4C6F}.Debug|Any CPU.Build.0 = Debug|Any CPU
		{EDB0A7D8-55FE-4034-A857-EE7F2DCB4C6F}.Release|Any CPU.ActiveCfg = Release|Any CPU
		{EDB0A7D8-55FE-4034-A857-EE7F2DCB4C6F}.Release|Any CPU.Build.0 = Release|Any CPU
	EndGlobalSection
	GlobalSection(SolutionProperties) = preSolution
		HideSolutionNode = FALSE
	EndGlobalSection
	GlobalSection(ExtensibilityGlobals) = postSolution
		SolutionGuid = {0BCA7855-8257-478B-92B6-96300133D3B9}
	EndGlobalSection
EndGlobal
